<?xml version="1.0" encoding="utf-8"?>
<Project ToolsVersion="4.0" xmlns="http://schemas.microsoft.com/developer/msbuild/2003">
  <ItemGroup>
    <Filter Include="Source">
      <UniqueIdentifier>{4FC737F1-C7A5-4376-A066-2A32D752A2FF}</UniqueIdentifier>
      <Extensions>cpp;c;cc;cxx;def;odl;idl;hpj;bat;asm;asmx</Extensions>
    </Filter>
    <Filter Include="Headers">
      <UniqueIdentifier>{93995380-89BD-4b04-88EB-625FBE52EBFB}</UniqueIdentifier>
      <Extensions>h;hh;hpp;hxx;hm;inl;inc;ipp;xsd</Extensions>
    </Filter>
    <Filter Include="Resources">
      <UniqueIdentifier>{67DA6AB6-F800-4c08-8B7A-83BB121AAD01}</UniqueIdentifier>
      <Extensions>rc;ico;cur;bmp;dlg;rc2;rct;bin;rgs;gif;jpg;jpeg;jpe;resx;tiff;tif;png;wav;mfcribbon-ms</Extensions>
    </Filter>
    <Filter Include="Source\Menu">
      <UniqueIdentifier>{4b1ec9e3-81b9-405a-a9a0-720e9f9773f5}</UniqueIdentifier>
    </Filter>
    <Filter Include="Headers\Menu">
      <UniqueIdentifier>{f69307c3-ed26-453e-9cff-c029a28bd367}</UniqueIdentifier>
    </Filter>
    <Filter Include="Source\Actions">
      <UniqueIdentifier>{d161b7d9-f8a4-47d9-bda1-83a53fbfaec6}</UniqueIdentifier>
    </Filter>
    <Filter Include="Headers\Actions">
      <UniqueIdentifier>{870576bc-9871-4a9d-80ba-fdd58a5aa89f}</UniqueIdentifier>
    </Filter>
    <Filter Include="Include">
      <UniqueIdentifier>{41764acf-dadc-4ee8-bef4-b21e743ce62f}</UniqueIdentifier>
    </Filter>
    <Filter Include="Source\Data">
      <UniqueIdentifier>{12a9c252-4964-49ef-a3c6-46cd04936875}</UniqueIdentifier>
    </Filter>
    <Filter Include="Headers\Data">
      <UniqueIdentifier>{7148d670-9905-4411-8022-0678d0a33354}</UniqueIdentifier>
    </Filter>
    <Filter Include="Source\Game">
      <UniqueIdentifier>{50196171-6e66-4b5d-b78a-87b7ad9e1c67}</UniqueIdentifier>
    </Filter>
    <Filter Include="Headers\Game">
      <UniqueIdentifier>{4a6a6498-9d99-4317-bfc8-7f6a3e970114}</UniqueIdentifier>
    </Filter>
    <Filter Include="Source\Toggles">
      <UniqueIdentifier>{cf0784d0-563e-4b20-b6fc-2584599964cc}</UniqueIdentifier>
    </Filter>
    <Filter Include="Headers\Toggles">
      <UniqueIdentifier>{b4d68ac9-eafe-4ec8-9944-591c65fcacb0}</UniqueIdentifier>
    </Filter>
  </ItemGroup>
  <ItemGroup>
    <ClInclude Include="pch.h">
      <Filter>Headers</Filter>
    </ClInclude>
    <ClInclude Include="core\Hash.h">
      <Filter>Headers</Filter>
    </ClInclude>
    <ClInclude Include="Menu.h">
      <Filter>Headers\Menu</Filter>
    </ClInclude>
    <ClInclude Include="Submenu.h">
      <Filter>Headers\Menu</Filter>
    </ClInclude>
    <ClInclude Include="ActionManager.h">
      <Filter>Headers\Actions</Filter>
    </ClInclude>
    <ClInclude Include="ControlManager.h">
      <Filter>Headers\Menu</Filter>
    </ClInclude>
    <ClInclude Include="..\inc\enums.h">
      <Filter>Include</Filter>
    </ClInclude>
    <ClInclude Include="..\inc\nativeCaller.h">
      <Filter>Include</Filter>
    </ClInclude>
    <ClInclude Include="..\inc\natives.h">
      <Filter>Include</Filter>
    </ClInclude>
    <ClInclude Include="..\inc\types.h">
      <Filter>Include</Filter>
    </ClInclude>
    <ClInclude Include="..\inc\main.h">
      <Filter>Include</Filter>
    </ClInclude>
    <ClInclude Include="keyboard.h">
      <Filter>Headers</Filter>
    </ClInclude>
    <ClInclude Include="script.h">
      <Filter>Headers</Filter>
    </ClInclude>
    <ClInclude Include="JsonDataManager.h">
      <Filter>Headers\Data</Filter>
    </ClInclude>
    <ClInclude Include="..\inc\json.hpp">
      <Filter>Include</Filter>
    </ClInclude>
    <ClInclude Include="Actions.h">
      <Filter>Headers\Actions</Filter>
    </ClInclude>
    <ClInclude Include="Game.h">
      <Filter>Headers\Game</Filter>
    </ClInclude>
    <ClInclude Include="Routine.h">
      <Filter>Headers\Menu</Filter>
    </ClInclude>
    <ClInclude Include="ToggleManager.h">
      <Filter>Headers\Toggles</Filter>
    </ClInclude>
    <ClInclude Include="Toggles.h">
      <Filter>Headers\Toggles</Filter>
    </ClInclude>
    <ClInclude Include="Ped.h">
      <Filter>Headers\Game</Filter>
    </ClInclude>
    <ClInclude Include="Vehicle.h">
      <Filter>Headers\Game</Filter>
    </ClInclude>
    <ClInclude Include="Player.h">
      <Filter>Headers\Game</Filter>
    </ClInclude>
  </ItemGroup>
  <ItemGroup>
    <ClCompile Include="dllmain.cpp">
      <Filter>Source</Filter>
    </ClCompile>
    <ClCompile Include="pch.cpp">
      <Filter>Source</Filter>
    </ClCompile>
    <ClCompile Include="Menu.cpp">
      <Filter>Source\Menu</Filter>
    </ClCompile>
    <ClCompile Include="Submenu.cpp">
      <Filter>Source\Menu</Filter>
    </ClCompile>
    <ClCompile Include="ActionManager.cpp">
      <Filter>Source\Actions</Filter>
    </ClCompile>
    <ClCompile Include="ControlManager.cpp">
      <Filter>Source\Menu</Filter>
    </ClCompile>
    <ClCompile Include="keyboard.cpp">
      <Filter>Source</Filter>
    </ClCompile>
    <ClCompile Include="script.cpp">
      <Filter>Source</Filter>
    </ClCompile>
    <ClCompile Include="JsonDataManager.cpp">
      <Filter>Source\Data</Filter>
    </ClCompile>
    <ClCompile Include="Actions.cpp">
      <Filter>Source\Actions</Filter>
    </ClCompile>
    <ClCompile Include="Game.cpp">
      <Filter>Source\Game</Filter>
    </ClCompile>
    <ClCompile Include="Routine.cpp">
      <Filter>Source\Menu</Filter>
    </ClCompile>
    <ClCompile Include="ToggleManager.cpp">
      <Filter>Source\Toggles</Filter>
    </ClCompile>
    <ClCompile Include="Toggles.cpp">
      <Filter>Source\Toggles</Filter>
    </ClCompile>
    <ClCompile Include="Ped.cpp">
      <Filter>Source\Game</Filter>
    </ClCompile>
    <ClCompile Include="Vehicle.cpp">
      <Filter>Source\Game</Filter>
    </ClCompile>
    <ClCompile Include="Player.cpp">
      <Filter>Source\Game</Filter>
    </ClCompile>
  </ItemGroup>
</Project>