<?xml version="1.0" encoding="utf-8"?>
<Project ToolsVersion="4.0" xmlns="http://schemas.microsoft.com/developer/msbuild/2003">
  <ItemGroup>
    <Filter Include="Source">
      <UniqueIdentifier>{4FC737F1-C7A5-4376-A066-2A32D752A2FF}</UniqueIdentifier>
      <Extensions>cpp;c;cc;cxx;def;odl;idl;hpj;bat;asm;asmx</Extensions>
    </Filter>
    <Filter Include="Headers">
      <UniqueIdentifier>{93995380-89BD-4b04-88EB-625FBE52EBFB}</UniqueIdentifier>
      <Extensions>h;hh;hpp;hxx;hm;inl;inc;ipp;xsd</Extensions>
    </Filter>
    <Filter Include="Resources">
      <UniqueIdentifier>{67DA6AB6-F800-4c08-8B7A-83BB121AAD01}</UniqueIdentifier>
      <Extensions>rc;ico;cur;bmp;dlg;rc2;rct;bin;rgs;gif;jpg;jpeg;jpe;resx;tiff;tif;png;wav;mfcribbon-ms</Extensions>
    </Filter>
    <Filter Include="Source\Menu">
      <UniqueIdentifier>{4b1ec9e3-81b9-405a-a9a0-720e9f9773f5}</UniqueIdentifier>
    </Filter>
    <Filter Include="Headers\Menu">
      <UniqueIdentifier>{f69307c3-ed26-453e-9cff-c029a28bd367}</UniqueIdentifier>
    </Filter>
    <Filter Include="Source\Actions">
      <UniqueIdentifier>{d161b7d9-f8a4-47d9-bda1-83a53fbfaec6}</UniqueIdentifier>
    </Filter>
    <Filter Include="Headers\Actions">
      <UniqueIdentifier>{870576bc-9871-4a9d-80ba-fdd58a5aa89f}</UniqueIdentifier>
    </Filter>
    <Filter Include="Include">
      <UniqueIdentifier>{41764acf-dadc-4ee8-bef4-b21e743ce62f}</UniqueIdentifier>
    </Filter>
    <Filter Include="Source\Data">
      <UniqueIdentifier>{12a9c252-4964-49ef-a3c6-46cd04936875}</UniqueIdentifier>
    </Filter>
    <Filter Include="Headers\Data">
      <UniqueIdentifier>{7148d670-9905-4411-8022-0678d0a33354}</UniqueIdentifier>
    </Filter>
    <Filter Include="Source\Game">
      <UniqueIdentifier>{50196171-6e66-4b5d-b78a-87b7ad9e1c67}</UniqueIdentifier>
    </Filter>
    <Filter Include="Headers\Game">
      <UniqueIdentifier>{4a6a6498-9d99-4317-bfc8-7f6a3e970114}</UniqueIdentifier>
    </Filter>
    <Filter Include="Source\Toggles">
      <UniqueIdentifier>{cf0784d0-563e-4b20-b6fc-2584599964cc}</UniqueIdentifier>
    </Filter>
    <Filter Include="Headers\Toggles">
      <UniqueIdentifier>{b4d68ac9-eafe-4ec8-9944-591c65fcacb0}</UniqueIdentifier>
    </Filter>
    <Filter Include="Source\Menu\Submenus">
      <UniqueIdentifier>{def475bc-27fa-4786-b097-31330c0456bd}</UniqueIdentifier>
    </Filter>
    <Filter Include="Headers\Menu\Submenus">
      <UniqueIdentifier>{dea6ca04-b3f1-4b77-a751-7198156a7ba7}</UniqueIdentifier>
    </Filter>
    <Filter Include="Source\Numbers">
      <UniqueIdentifier>{8030d8e8-f4a9-42e4-9fff-2d506a4f072a}</UniqueIdentifier>
    </Filter>
    <Filter Include="Headers\Numbers">
      <UniqueIdentifier>{fdc726a6-8824-4fef-9d49-59cb99722c88}</UniqueIdentifier>
    </Filter>
    <Filter Include="Source\Features">
      <UniqueIdentifier>{c2b9601e-9724-4a19-93b4-e49cf0b71c9e}</UniqueIdentifier>
    </Filter>
    <Filter Include="Headers\Features">
      <UniqueIdentifier>{1213d536-37b5-4bb5-a4e1-23617e325532}</UniqueIdentifier>
    </Filter>
    <Filter Include="Source\Menu\Submenus\Settings">
      <UniqueIdentifier>{d4f0d943-e6af-4e99-aad6-87e7a351c79d}</UniqueIdentifier>
    </Filter>
    <Filter Include="Source\Menu\Submenus\Add option">
      <UniqueIdentifier>{01951964-600d-4741-b2ec-8365e3d953b5}</UniqueIdentifier>
    </Filter>
    <Filter Include="Headers\Menu\Submenus\Add option">
      <UniqueIdentifier>{1b9d4fcf-43df-4275-a8b3-48104b8af946}</UniqueIdentifier>
    </Filter>
    <Filter Include="Headers\Menu\Submenus\Settings">
      <UniqueIdentifier>{98d6402c-079a-4b26-b063-008deaf57bff}</UniqueIdentifier>
    </Filter>
  </ItemGroup>
  <ItemGroup>
    <ClInclude Include="pch.h">
      <Filter>Headers</Filter>
    </ClInclude>
    <ClInclude Include="core\Hash.h">
      <Filter>Headers</Filter>
    </ClInclude>
    <ClInclude Include="Submenu.h">
      <Filter>Headers\Menu</Filter>
    </ClInclude>
    <ClInclude Include="ActionManager.h">
      <Filter>Headers\Actions</Filter>
    </ClInclude>
    <ClInclude Include="ControlManager.h">
      <Filter>Headers\Menu</Filter>
    </ClInclude>
    <ClInclude Include="..\inc\enums.h">
      <Filter>Include</Filter>
    </ClInclude>
    <ClInclude Include="..\inc\nativeCaller.h">
      <Filter>Include</Filter>
    </ClInclude>
    <ClInclude Include="..\inc\natives.h">
      <Filter>Include</Filter>
    </ClInclude>
    <ClInclude Include="..\inc\types.h">
      <Filter>Include</Filter>
    </ClInclude>
    <ClInclude Include="..\inc\main.h">
      <Filter>Include</Filter>
    </ClInclude>
    <ClInclude Include="keyboard.h">
      <Filter>Headers</Filter>
    </ClInclude>
    <ClInclude Include="script.h">
      <Filter>Headers</Filter>
    </ClInclude>
    <ClInclude Include="JsonDataManager.h">
      <Filter>Headers\Data</Filter>
    </ClInclude>
    <ClInclude Include="..\inc\json.hpp">
      <Filter>Include</Filter>
    </ClInclude>
    <ClInclude Include="Actions.h">
      <Filter>Headers\Actions</Filter>
    </ClInclude>
    <ClInclude Include="Game.h">
      <Filter>Headers\Game</Filter>
    </ClInclude>
    <ClInclude Include="Routine.h">
      <Filter>Headers\Menu</Filter>
    </ClInclude>
    <ClInclude Include="ToggleManager.h">
      <Filter>Headers\Toggles</Filter>
    </ClInclude>
    <ClInclude Include="Toggles.h">
      <Filter>Headers\Toggles</Filter>
    </ClInclude>
    <ClInclude Include="Ped.h">
      <Filter>Headers\Game</Filter>
    </ClInclude>
    <ClInclude Include="Vehicle.h">
      <Filter>Headers\Game</Filter>
    </ClInclude>
    <ClInclude Include="Player.h">
      <Filter>Headers\Game</Filter>
    </ClInclude>
    <ClInclude Include="MenuSettings.h">
      <Filter>Headers\Data</Filter>
    </ClInclude>
    <ClInclude Include="DynamicSubmenu.h">
      <Filter>Headers\Menu</Filter>
    </ClInclude>
    <ClInclude Include="FixedSubmenu.h">
      <Filter>Headers\Menu</Filter>
    </ClInclude>
    <ClInclude Include="NumberController.h">
      <Filter>Headers\Numbers</Filter>
    </ClInclude>
    <ClInclude Include="Numbers.h">
      <Filter>Headers\Numbers</Filter>
    </ClInclude>
    <ClInclude Include="HorseFlyMode.h">
      <Filter>Headers\Features</Filter>
    </ClInclude>
    <ClInclude Include="MenuController.h">
      <Filter>Headers\Menu</Filter>
    </ClInclude>
    <ClInclude Include="PedSpawner.h">
      <Filter>Headers\Features</Filter>
    </ClInclude>
    <ClInclude Include="PedSpawnerSub.h">
      <Filter>Headers\Menu\Submenus</Filter>
    </ClInclude>
    <ClInclude Include="AddOptionSub.h">
      <Filter>Headers\Menu\Submenus\Add option</Filter>
    </ClInclude>
    <ClInclude Include="AddOptionSetTypeSub.h">
      <Filter>Headers\Menu\Submenus\Add option</Filter>
    </ClInclude>
    <ClInclude Include="AddOptionSetKeySub.h">
      <Filter>Headers\Menu\Submenus\Add option</Filter>
    </ClInclude>
    <ClInclude Include="SettingsSub.h">
      <Filter>Headers\Menu\Submenus\Settings</Filter>
    </ClInclude>
    <ClInclude Include="SettingsControlsSub.h">
      <Filter>Headers\Menu\Submenus\Settings</Filter>
    </ClInclude>
    <ClInclude Include="SettingsControlsControllerSub.h">
      <Filter>Headers\Menu\Submenus\Settings</Filter>
    </ClInclude>
    <ClInclude Include="SettingsControlsKeyboardSub.h">
      <Filter>Headers\Menu\Submenus\Settings</Filter>
    </ClInclude>
    <ClInclude Include="SettingsSetColorSub.h">
      <Filter>Headers\Menu\Submenus\Settings</Filter>
    </ClInclude>
    <ClInclude Include="SettingsColorSchemeSub.h">
      <Filter>Headers\Menu\Submenus\Settings</Filter>
    </ClInclude>
  </ItemGroup>
  <ItemGroup>
    <ClCompile Include="dllmain.cpp">
      <Filter>Source</Filter>
    </ClCompile>
    <ClCompile Include="pch.cpp">
      <Filter>Source</Filter>
    </ClCompile>
    <ClCompile Include="Submenu.cpp">
      <Filter>Source\Menu</Filter>
    </ClCompile>
    <ClCompile Include="ActionManager.cpp">
      <Filter>Source\Actions</Filter>
    </ClCompile>
    <ClCompile Include="ControlManager.cpp">
      <Filter>Source\Menu</Filter>
    </ClCompile>
    <ClCompile Include="keyboard.cpp">
      <Filter>Source</Filter>
    </ClCompile>
    <ClCompile Include="script.cpp">
      <Filter>Source</Filter>
    </ClCompile>
    <ClCompile Include="JsonDataManager.cpp">
      <Filter>Source\Data</Filter>
    </ClCompile>
    <ClCompile Include="Actions.cpp">
      <Filter>Source\Actions</Filter>
    </ClCompile>
    <ClCompile Include="Game.cpp">
      <Filter>Source\Game</Filter>
    </ClCompile>
    <ClCompile Include="Routine.cpp">
      <Filter>Source\Menu</Filter>
    </ClCompile>
    <ClCompile Include="ToggleManager.cpp">
      <Filter>Source\Toggles</Filter>
    </ClCompile>
    <ClCompile Include="Toggles.cpp">
      <Filter>Source\Toggles</Filter>
    </ClCompile>
    <ClCompile Include="Ped.cpp">
      <Filter>Source\Game</Filter>
    </ClCompile>
    <ClCompile Include="Vehicle.cpp">
      <Filter>Source\Game</Filter>
    </ClCompile>
    <ClCompile Include="Player.cpp">
      <Filter>Source\Game</Filter>
    </ClCompile>
    <ClCompile Include="MenuSettings.cpp">
      <Filter>Source\Data</Filter>
    </ClCompile>
    <ClCompile Include="DynamicSubmenu.cpp">
      <Filter>Source\Menu</Filter>
    </ClCompile>
    <ClCompile Include="FixedSubmenu.cpp">
      <Filter>Source\Menu</Filter>
    </ClCompile>
    <ClCompile Include="NumbersController.cpp">
      <Filter>Source\Numbers</Filter>
    </ClCompile>
    <ClCompile Include="Numbers.cpp">
      <Filter>Source\Numbers</Filter>
    </ClCompile>
    <ClCompile Include="HorseFlyMode.cpp">
      <Filter>Source\Features</Filter>
    </ClCompile>
    <ClCompile Include="MenuController.cpp">
      <Filter>Source\Menu</Filter>
    </ClCompile>
    <ClCompile Include="PedSpawner.cpp">
      <Filter>Source\Features</Filter>
    </ClCompile>
    <ClCompile Include="PedSpawnerSub.cpp">
      <Filter>Source\Menu\Submenus</Filter>
    </ClCompile>
    <ClCompile Include="AddOptionSub.cpp">
      <Filter>Source\Menu\Submenus\Add option</Filter>
    </ClCompile>
    <ClCompile Include="AddOptionSetTypeSub.cpp">
      <Filter>Source\Menu\Submenus\Add option</Filter>
    </ClCompile>
    <ClCompile Include="AddOptionSetKeySub.cpp">
      <Filter>Source\Menu\Submenus\Add option</Filter>
    </ClCompile>
    <ClCompile Include="SettingsSub.cpp">
      <Filter>Source\Menu\Submenus\Settings</Filter>
    </ClCompile>
    <ClCompile Include="SettingsControlsSub.cpp">
      <Filter>Source\Menu\Submenus\Settings</Filter>
    </ClCompile>
    <ClCompile Include="SettingsControlsControllerSub.cpp">
      <Filter>Source\Menu\Submenus\Settings</Filter>
    </ClCompile>
    <ClCompile Include="SettingsControlsKeyboardSub.cpp">
      <Filter>Source\Menu\Submenus\Settings</Filter>
    </ClCompile>
    <ClCompile Include="SettingsSetColorSub.cpp">
      <Filter>Source\Menu\Submenus\Settings</Filter>
    </ClCompile>
    <ClCompile Include="SettingsColorSchemeSub.cpp">
      <Filter>Source\Menu\Submenus\Settings</Filter>
    </ClCompile>
  </ItemGroup>
</Project>